// !$*UTF8*$!
{
	archiveVersion = 1;
	classes = {
	};
	objectVersion = 55;
	objects = {

/* Begin PBXBuildFile section */
		4D05B009298D39400016CEF1 /* BaseTableCell.swift in Sources */ = {isa = PBXBuildFile; fileRef = 4D05B008298D39400016CEF1 /* BaseTableCell.swift */; };
		4D05B00B298D394C0016CEF1 /* BaseView.swift in Sources */ = {isa = PBXBuildFile; fileRef = 4D05B00A298D394C0016CEF1 /* BaseView.swift */; };
		4D05B00D298D3E920016CEF1 /* UIView+Extension.swift in Sources */ = {isa = PBXBuildFile; fileRef = 4D05B00C298D3E920016CEF1 /* UIView+Extension.swift */; };
		4D05B013298D43EC0016CEF1 /* github.png in Resources */ = {isa = PBXBuildFile; fileRef = 4D05B012298D43EC0016CEF1 /* github.png */; };
		4DC7281F298AAE4400FA38AC /* AppDelegate.swift in Sources */ = {isa = PBXBuildFile; fileRef = 4DC7281E298AAE4400FA38AC /* AppDelegate.swift */; };
		4DC72828298AAE4500FA38AC /* Assets.xcassets in Resources */ = {isa = PBXBuildFile; fileRef = 4DC72827298AAE4500FA38AC /* Assets.xcassets */; };
		4DC7282B298AAE4500FA38AC /* LaunchScreen.storyboard in Resources */ = {isa = PBXBuildFile; fileRef = 4DC72829298AAE4500FA38AC /* LaunchScreen.storyboard */; };
		4DC72837298AB16500FA38AC /* ProfileViewController.swift in Sources */ = {isa = PBXBuildFile; fileRef = 4DC72836298AB16500FA38AC /* ProfileViewController.swift */; };
		4DC72839298AB17500FA38AC /* ProfileScreenView.swift in Sources */ = {isa = PBXBuildFile; fileRef = 4DC72838298AB17500FA38AC /* ProfileScreenView.swift */; };
		4DC7283C298AB1A500FA38AC /* User.swift in Sources */ = {isa = PBXBuildFile; fileRef = 4DC7283B298AB1A500FA38AC /* User.swift */; };
		4DC7283E298AB1B100FA38AC /* Repository.swift in Sources */ = {isa = PBXBuildFile; fileRef = 4DC7283D298AB1B100FA38AC /* Repository.swift */; };
		4DC72843298AB20700FA38AC /* SearchScreenView.swift in Sources */ = {isa = PBXBuildFile; fileRef = 4DC72842298AB20700FA38AC /* SearchScreenView.swift */; };
		4DC72845298AB21B00FA38AC /* SearchViewController.swift in Sources */ = {isa = PBXBuildFile; fileRef = 4DC72844298AB21B00FA38AC /* SearchViewController.swift */; };
		4DC7284B298AE67600FA38AC /* UiColor+Extension.swift in Sources */ = {isa = PBXBuildFile; fileRef = 4DC7284A298AE67600FA38AC /* UiColor+Extension.swift */; };
/* End PBXBuildFile section */

/* Begin PBXFileReference section */
		4D05B008298D39400016CEF1 /* BaseTableCell.swift */ = {isa = PBXFileReference; lastKnownFileType = sourcecode.swift; path = BaseTableCell.swift; sourceTree = "<group>"; };
		4D05B00A298D394C0016CEF1 /* BaseView.swift */ = {isa = PBXFileReference; lastKnownFileType = sourcecode.swift; path = BaseView.swift; sourceTree = "<group>"; };
		4D05B00C298D3E920016CEF1 /* UIView+Extension.swift */ = {isa = PBXFileReference; lastKnownFileType = sourcecode.swift; path = "UIView+Extension.swift"; sourceTree = "<group>"; };
		4D05B012298D43EC0016CEF1 /* github.png */ = {isa = PBXFileReference; lastKnownFileType = image.png; path = github.png; sourceTree = "<group>"; };
		4DC7281B298AAE4400FA38AC /* GitHubApp.app */ = {isa = PBXFileReference; explicitFileType = wrapper.application; includeInIndex = 0; path = GitHubApp.app; sourceTree = BUILT_PRODUCTS_DIR; };
		4DC7281E298AAE4400FA38AC /* AppDelegate.swift */ = {isa = PBXFileReference; lastKnownFileType = sourcecode.swift; path = AppDelegate.swift; sourceTree = "<group>"; };
		4DC72827298AAE4500FA38AC /* Assets.xcassets */ = {isa = PBXFileReference; lastKnownFileType = folder.assetcatalog; path = Assets.xcassets; sourceTree = "<group>"; };
		4DC7282A298AAE4500FA38AC /* Base */ = {isa = PBXFileReference; lastKnownFileType = file.storyboard; name = Base; path = Base.lproj/LaunchScreen.storyboard; sourceTree = "<group>"; };
		4DC7282C298AAE4500FA38AC /* Info.plist */ = {isa = PBXFileReference; lastKnownFileType = text.plist.xml; path = Info.plist; sourceTree = "<group>"; };
		4DC72836298AB16500FA38AC /* ProfileViewController.swift */ = {isa = PBXFileReference; lastKnownFileType = sourcecode.swift; path = ProfileViewController.swift; sourceTree = "<group>"; };
		4DC72838298AB17500FA38AC /* ProfileScreenView.swift */ = {isa = PBXFileReference; lastKnownFileType = sourcecode.swift; path = ProfileScreenView.swift; sourceTree = "<group>"; };
		4DC7283B298AB1A500FA38AC /* User.swift */ = {isa = PBXFileReference; lastKnownFileType = sourcecode.swift; path = User.swift; sourceTree = "<group>"; };
		4DC7283D298AB1B100FA38AC /* Repository.swift */ = {isa = PBXFileReference; lastKnownFileType = sourcecode.swift; path = Repository.swift; sourceTree = "<group>"; };
		4DC72842298AB20700FA38AC /* SearchScreenView.swift */ = {isa = PBXFileReference; lastKnownFileType = sourcecode.swift; path = SearchScreenView.swift; sourceTree = "<group>"; };
		4DC72844298AB21B00FA38AC /* SearchViewController.swift */ = {isa = PBXFileReference; lastKnownFileType = sourcecode.swift; path = SearchViewController.swift; sourceTree = "<group>"; };
		4DC7284A298AE67600FA38AC /* UiColor+Extension.swift */ = {isa = PBXFileReference; lastKnownFileType = sourcecode.swift; path = "UiColor+Extension.swift"; sourceTree = "<group>"; };
/* End PBXFileReference section */

/* Begin PBXFrameworksBuildPhase section */
		4DC72818298AAE4400FA38AC /* Frameworks */ = {
			isa = PBXFrameworksBuildPhase;
			buildActionMask = 2147483647;
			files = (
			);
			runOnlyForDeploymentPostprocessing = 0;
		};
/* End PBXFrameworksBuildPhase section */

/* Begin PBXGroup section */
		4DC72812298AAE4400FA38AC = {
			isa = PBXGroup;
			children = (
				4DC7281D298AAE4400FA38AC /* GitHubApp */,
				4DC7281C298AAE4400FA38AC /* Products */,
			);
			sourceTree = "<group>";
		};
		4DC7281C298AAE4400FA38AC /* Products */ = {
			isa = PBXGroup;
			children = (
				4DC7281B298AAE4400FA38AC /* GitHubApp.app */,
			);
			name = Products;
			sourceTree = "<group>";
		};
		4DC7281D298AAE4400FA38AC /* GitHubApp */ = {
			isa = PBXGroup;
			children = (
				4DC72849298AE62F00FA38AC /* Commons */,
				4DC72846298AB2D800FA38AC /* Base */,
				4DC7283A298AB19200FA38AC /* Model */,
				4DC72835298AB15300FA38AC /* Controllers */,
				4DC72834298AB14500FA38AC /* Delegates */,
				4DC72827298AAE4500FA38AC /* Assets.xcassets */,
				4DC72829298AAE4500FA38AC /* LaunchScreen.storyboard */,
				4DC7282C298AAE4500FA38AC /* Info.plist */,
				4D05B012298D43EC0016CEF1 /* github.png */,
			);
			path = GitHubApp;
			sourceTree = "<group>";
		};
		4DC72834298AB14500FA38AC /* Delegates */ = {
			isa = PBXGroup;
			children = (
				4DC7281E298AAE4400FA38AC /* AppDelegate.swift */,
			);
			path = Delegates;
			sourceTree = "<group>";
		};
		4DC72835298AB15300FA38AC /* Controllers */ = {
			isa = PBXGroup;
			children = (
				4DC72836298AB16500FA38AC /* ProfileViewController.swift */,
				4DC72844298AB21B00FA38AC /* SearchViewController.swift */,
				4DC72841298AB1F000FA38AC /* Views */,
			);
			path = Controllers;
			sourceTree = "<group>";
		};
		4DC7283A298AB19200FA38AC /* Model */ = {
			isa = PBXGroup;
			children = (
				4DC7283B298AB1A500FA38AC /* User.swift */,
				4DC7283D298AB1B100FA38AC /* Repository.swift */,
			);
			path = Model;
			sourceTree = "<group>";
		};
		4DC72841298AB1F000FA38AC /* Views */ = {
			isa = PBXGroup;
			children = (
				4DC72838298AB17500FA38AC /* ProfileScreenView.swift */,
				4DC72842298AB20700FA38AC /* SearchScreenView.swift */,
			);
			path = Views;
			sourceTree = "<group>";
		};
		4DC72846298AB2D800FA38AC /* Base */ = {
			isa = PBXGroup;
			children = (
				4D05B008298D39400016CEF1 /* BaseTableCell.swift */,
				4D05B00A298D394C0016CEF1 /* BaseView.swift */,
			);
			path = Base;
			sourceTree = "<group>";
		};
		4DC72849298AE62F00FA38AC /* Commons */ = {
			isa = PBXGroup;
			children = (
				4DC7284A298AE67600FA38AC /* UiColor+Extension.swift */,
				4D05B00C298D3E920016CEF1 /* UIView+Extension.swift */,
			);
			path = Commons;
			sourceTree = "<group>";
		};
/* End PBXGroup section */

/* Begin PBXNativeTarget section */
		4DC7281A298AAE4400FA38AC /* GitHubApp */ = {
			isa = PBXNativeTarget;
			buildConfigurationList = 4DC7282F298AAE4500FA38AC /* Build configuration list for PBXNativeTarget "GitHubApp" */;
			buildPhases = (
				4DC72817298AAE4400FA38AC /* Sources */,
				4DC72818298AAE4400FA38AC /* Frameworks */,
				4DC72819298AAE4400FA38AC /* Resources */,
			);
			buildRules = (
			);
			dependencies = (
			);
			name = GitHubApp;
			productName = GitHubApp;
			productReference = 4DC7281B298AAE4400FA38AC /* GitHubApp.app */;
			productType = "com.apple.product-type.application";
		};
/* End PBXNativeTarget section */

/* Begin PBXProject section */
		4DC72813298AAE4400FA38AC /* Project object */ = {
			isa = PBXProject;
			attributes = {
				BuildIndependentTargetsInParallel = 1;
				LastSwiftUpdateCheck = 1340;
				LastUpgradeCheck = 1340;
				TargetAttributes = {
					4DC7281A298AAE4400FA38AC = {
						CreatedOnToolsVersion = 13.4.1;
					};
				};
			};
			buildConfigurationList = 4DC72816298AAE4400FA38AC /* Build configuration list for PBXProject "GitHubApp" */;
			compatibilityVersion = "Xcode 13.0";
			developmentRegion = en;
			hasScannedForEncodings = 0;
			knownRegions = (
				en,
				Base,
			);
			mainGroup = 4DC72812298AAE4400FA38AC;
			productRefGroup = 4DC7281C298AAE4400FA38AC /* Products */;
			projectDirPath = "";
			projectRoot = "";
			targets = (
				4DC7281A298AAE4400FA38AC /* GitHubApp */,
			);
		};
/* End PBXProject section */

/* Begin PBXResourcesBuildPhase section */
		4DC72819298AAE4400FA38AC /* Resources */ = {
			isa = PBXResourcesBuildPhase;
			buildActionMask = 2147483647;
			files = (
				4D05B013298D43EC0016CEF1 /* github.png in Resources */,
				4DC7282B298AAE4500FA38AC /* LaunchScreen.storyboard in Resources */,
				4DC72828298AAE4500FA38AC /* Assets.xcassets in Resources */,
			);
			runOnlyForDeploymentPostprocessing = 0;
		};
/* End PBXResourcesBuildPhase section */

/* Begin PBXSourcesBuildPhase section */
		4DC72817298AAE4400FA38AC /* Sources */ = {
			isa = PBXSourcesBuildPhase;
			buildActionMask = 2147483647;
			files = (
				4D05B00D298D3E920016CEF1 /* UIView+Extension.swift in Sources */,
				4DC72837298AB16500FA38AC /* ProfileViewController.swift in Sources */,
				4DC72845298AB21B00FA38AC /* SearchViewController.swift in Sources */,
				4D05B00B298D394C0016CEF1 /* BaseView.swift in Sources */,
				4DC72839298AB17500FA38AC /* ProfileScreenView.swift in Sources */,
				4DC7283C298AB1A500FA38AC /* User.swift in Sources */,
				4D05B009298D39400016CEF1 /* BaseTableCell.swift in Sources */,
				4DC7284B298AE67600FA38AC /* UiColor+Extension.swift in Sources */,
				4DC7281F298AAE4400FA38AC /* AppDelegate.swift in Sources */,
				4DC72843298AB20700FA38AC /* SearchScreenView.swift in Sources */,
				4DC7283E298AB1B100FA38AC /* Repository.swift in Sources */,
			);
			runOnlyForDeploymentPostprocessing = 0;
		};
/* End PBXSourcesBuildPhase section */

/* Begin PBXVariantGroup section */
		4DC72829298AAE4500FA38AC /* LaunchScreen.storyboard */ = {
			isa = PBXVariantGroup;
			children = (
				4DC7282A298AAE4500FA38AC /* Base */,
			);
			name = LaunchScreen.storyboard;
			sourceTree = "<group>";
		};
/* End PBXVariantGroup section */

/* Begin XCBuildConfiguration section */
		4DC7282D298AAE4500FA38AC /* Debug */ = {
			isa = XCBuildConfiguration;
			buildSettings = {
				ALWAYS_SEARCH_USER_PATHS = NO;
				CLANG_ANALYZER_NONNULL = YES;
				CLANG_ANALYZER_NUMBER_OBJECT_CONVERSION = YES_AGGRESSIVE;
				CLANG_CXX_LANGUAGE_STANDARD = "gnu++17";
				CLANG_ENABLE_MODULES = YES;
				CLANG_ENABLE_OBJC_ARC = YES;
				CLANG_ENABLE_OBJC_WEAK = YES;
				CLANG_WARN_BLOCK_CAPTURE_AUTORELEASING = YES;
				CLANG_WARN_BOOL_CONVERSION = YES;
				CLANG_WARN_COMMA = YES;
				CLANG_WARN_CONSTANT_CONVERSION = YES;
				CLANG_WARN_DEPRECATED_OBJC_IMPLEMENTATIONS = YES;
				CLANG_WARN_DIRECT_OBJC_ISA_USAGE = YES_ERROR;
				CLANG_WARN_DOCUMENTATION_COMMENTS = YES;
				CLANG_WARN_EMPTY_BODY = YES;
				CLANG_WARN_ENUM_CONVERSION = YES;
				CLANG_WARN_INFINITE_RECURSION = YES;
				CLANG_WARN_INT_CONVERSION = YES;
				CLANG_WARN_NON_LITERAL_NULL_CONVERSION = YES;
				CLANG_WARN_OBJC_IMPLICIT_RETAIN_SELF = YES;
				CLANG_WARN_OBJC_LITERAL_CONVERSION = YES;
				CLANG_WARN_OBJC_ROOT_CLASS = YES_ERROR;
				CLANG_WARN_QUOTED_INCLUDE_IN_FRAMEWORK_HEADER = YES;
				CLANG_WARN_RANGE_LOOP_ANALYSIS = YES;
				CLANG_WARN_STRICT_PROTOTYPES = YES;
				CLANG_WARN_SUSPICIOUS_MOVE = YES;
				CLANG_WARN_UNGUARDED_AVAILABILITY = YES_AGGRESSIVE;
				CLANG_WARN_UNREACHABLE_CODE = YES;
				CLANG_WARN__DUPLICATE_METHOD_MATCH = YES;
				COPY_PHASE_STRIP = NO;
				DEBUG_INFORMATION_FORMAT = dwarf;
				ENABLE_STRICT_OBJC_MSGSEND = YES;
				ENABLE_TESTABILITY = YES;
				GCC_C_LANGUAGE_STANDARD = gnu11;
				GCC_DYNAMIC_NO_PIC = NO;
				GCC_NO_COMMON_BLOCKS = YES;
				GCC_OPTIMIZATION_LEVEL = 0;
				GCC_PREPROCESSOR_DEFINITIONS = (
					"DEBUG=1",
					"$(inherited)",
				);
				GCC_WARN_64_TO_32_BIT_CONVERSION = YES;
				GCC_WARN_ABOUT_RETURN_TYPE = YES_ERROR;
				GCC_WARN_UNDECLARED_SELECTOR = YES;
				GCC_WARN_UNINITIALIZED_AUTOS = YES_AGGRESSIVE;
				GCC_WARN_UNUSED_FUNCTION = YES;
				GCC_WARN_UNUSED_VARIABLE = YES;
				IPHONEOS_DEPLOYMENT_TARGET = 15.5;
				MTL_ENABLE_DEBUG_INFO = INCLUDE_SOURCE;
				MTL_FAST_MATH = YES;
				ONLY_ACTIVE_ARCH = YES;
				SDKROOT = iphoneos;
				SWIFT_ACTIVE_COMPILATION_CONDITIONS = DEBUG;
				SWIFT_OPTIMIZATION_LEVEL = "-Onone";
			};
			name = Debug;
		};
		4DC7282E298AAE4500FA38AC /* Release */ = {
			isa = XCBuildConfiguration;
			buildSettings = {
				ALWAYS_SEARCH_USER_PATHS = NO;
				CLANG_ANALYZER_NONNULL = YES;
				CLANG_ANALYZER_NUMBER_OBJECT_CONVERSION = YES_AGGRESSIVE;
				CLANG_CXX_LANGUAGE_STANDARD = "gnu++17";
				CLANG_ENABLE_MODULES = YES;
				CLANG_ENABLE_OBJC_ARC = YES;
				CLANG_ENABLE_OBJC_WEAK = YES;
				CLANG_WARN_BLOCK_CAPTURE_AUTORELEASING = YES;
				CLANG_WARN_BOOL_CONVERSION = YES;
				CLANG_WARN_COMMA = YES;
				CLANG_WARN_CONSTANT_CONVERSION = YES;
				CLANG_WARN_DEPRECATED_OBJC_IMPLEMENTATIONS = YES;
				CLANG_WARN_DIRECT_OBJC_ISA_USAGE = YES_ERROR;
				CLANG_WARN_DOCUMENTATION_COMMENTS = YES;
				CLANG_WARN_EMPTY_BODY = YES;
				CLANG_WARN_ENUM_CONVERSION = YES;
				CLANG_WARN_INFINITE_RECURSION = YES;
				CLANG_WARN_INT_CONVERSION = YES;
				CLANG_WARN_NON_LITERAL_NULL_CONVERSION = YES;
				CLANG_WARN_OBJC_IMPLICIT_RETAIN_SELF = YES;
				CLANG_WARN_OBJC_LITERAL_CONVERSION = YES;
				CLANG_WARN_OBJC_ROOT_CLASS = YES_ERROR;
				CLANG_WARN_QUOTED_INCLUDE_IN_FRAMEWORK_HEADER = YES;
				CLANG_WARN_RANGE_LOOP_ANALYSIS = YES;
				CLANG_WARN_STRICT_PROTOTYPES = YES;
				CLANG_WARN_SUSPICIOUS_MOVE = YES;
				CLANG_WARN_UNGUARDED_AVAILABILITY = YES_AGGRESSIVE;
				CLANG_WARN_UNREACHABLE_CODE = YES;
				CLANG_WARN__DUPLICATE_METHOD_MATCH = YES;
				COPY_PHASE_STRIP = NO;
				DEBUG_INFORMATION_FORMAT = "dwarf-with-dsym";
				ENABLE_NS_ASSERTIONS = NO;
				ENABLE_STRICT_OBJC_MSGSEND = YES;
				GCC_C_LANGUAGE_STANDARD = gnu11;
				GCC_NO_COMMON_BLOCKS = YES;
				GCC_WARN_64_TO_32_BIT_CONVERSION = YES;
				GCC_WARN_ABOUT_RETURN_TYPE = YES_ERROR;
				GCC_WARN_UNDECLARED_SELECTOR = YES;
				GCC_WARN_UNINITIALIZED_AUTOS = YES_AGGRESSIVE;
				GCC_WARN_UNUSED_FUNCTION = YES;
				GCC_WARN_UNUSED_VARIABLE = YES;
				IPHONEOS_DEPLOYMENT_TARGET = 15.5;
				MTL_ENABLE_DEBUG_INFO = NO;
				MTL_FAST_MATH = YES;
				SDKROOT = iphoneos;
				SWIFT_COMPILATION_MODE = wholemodule;
				SWIFT_OPTIMIZATION_LEVEL = "-O";
				VALIDATE_PRODUCT = YES;
			};
			name = Release;
		};
		4DC72830298AAE4500FA38AC /* Debug */ = {
			isa = XCBuildConfiguration;
			buildSettings = {
				ASSETCATALOG_COMPILER_APPICON_NAME = AppIcon;
				ASSETCATALOG_COMPILER_GLOBAL_ACCENT_COLOR_NAME = AccentColor;
				CODE_SIGN_STYLE = Automatic;
				CURRENT_PROJECT_VERSION = 1;
				GENERATE_INFOPLIST_FILE = YES;
				INFOPLIST_FILE = GitHubApp/Info.plist;
				INFOPLIST_KEY_UIApplicationSupportsIndirectInputEvents = YES;
				INFOPLIST_KEY_UILaunchStoryboardName = LaunchScreen;
				INFOPLIST_KEY_UISupportedInterfaceOrientations_iPad = "UIInterfaceOrientationPortrait UIInterfaceOrientationPortraitUpsideDown UIInterfaceOrientationLandscapeLeft UIInterfaceOrientationLandscapeRight";
				INFOPLIST_KEY_UISupportedInterfaceOrientations_iPhone = "UIInterfaceOrientationPortrait UIInterfaceOrientationLandscapeLeft UIInterfaceOrientationLandscapeRight";
				LD_RUNPATH_SEARCH_PATHS = (
					"$(inherited)",
					"@executable_path/Frameworks",
				);
				MARKETING_VERSION = 1.0;
				PRODUCT_BUNDLE_IDENTIFIER = UBR.GitHubApp;
				PRODUCT_NAME = "$(TARGET_NAME)";
				SWIFT_EMIT_LOC_STRINGS = YES;
				SWIFT_VERSION = 5.0;
				TARGETED_DEVICE_FAMILY = "1,2";
			};
			name = Debug;
		};
		4DC72831298AAE4500FA38AC /* Release */ = {
			isa = XCBuildConfiguration;
			buildSettings = {
				ASSETCATALOG_COMPILER_APPICON_NAME = AppIcon;
				ASSETCATALOG_COMPILER_GLOBAL_ACCENT_COLOR_NAME = AccentColor;
				CODE_SIGN_STYLE = Automatic;
				CURRENT_PROJECT_VERSION = 1;
				GENERATE_INFOPLIST_FILE = YES;
				INFOPLIST_FILE = GitHubApp/Info.plist;
				INFOPLIST_KEY_UIApplicationSupportsIndirectInputEvents = YES;
				INFOPLIST_KEY_UILaunchStoryboardName = LaunchScreen;
				INFOPLIST_KEY_UISupportedInterfaceOrientations_iPad = "UIInterfaceOrientationPortrait UIInterfaceOrientationPortraitUpsideDown UIInterfaceOrientationLandscapeLeft UIInterfaceOrientationLandscapeRight";
				INFOPLIST_KEY_UISupportedInterfaceOrientations_iPhone = "UIInterfaceOrientationPortrait UIInterfaceOrientationLandscapeLeft UIInterfaceOrientationLandscapeRight";
				LD_RUNPATH_SEARCH_PATHS = (
					"$(inherited)",
					"@executable_path/Frameworks",
				);
				MARKETING_VERSION = 1.0;
				PRODUCT_BUNDLE_IDENTIFIER = UBR.GitHubApp;
				PRODUCT_NAME = "$(TARGET_NAME)";
				SWIFT_EMIT_LOC_STRINGS = YES;
				SWIFT_VERSION = 5.0;
				TARGETED_DEVICE_FAMILY = "1,2";
			};
			name = Release;
		};
/* End XCBuildConfiguration section */

/* Begin XCConfigurationList section */
		4DC72816298AAE4400FA38AC /* Build configuration list for PBXProject "GitHubApp" */ = {
			isa = XCConfigurationList;
			buildConfigurations = (
				4DC7282D298AAE4500FA38AC /* Debug */,
				4DC7282E298AAE4500FA38AC /* Release */,
			);
			defaultConfigurationIsVisible = 0;
			defaultConfigurationName = Release;
		};
		4DC7282F298AAE4500FA38AC /* Build configuration list for PBXNativeTarget "GitHubApp" */ = {
			isa = XCConfigurationList;
			buildConfigurations = (
				4DC72830298AAE4500FA38AC /* Debug */,
				4DC72831298AAE4500FA38AC /* Release */,
			);
			defaultConfigurationIsVisible = 0;
			defaultConfigurationName = Release;
		};
/* End XCConfigurationList section */
	};
	rootObject = 4DC72813298AAE4400FA38AC /* Project object */;
}
